
Microsoft Visual Studio Solution File, Format Version 12.00
# Visual Studio 15
VisualStudioVersion = 15.0.28307.757
MinimumVisualStudioVersion = 10.0.40219.1
Project("{FAE04EC0-301F-11D3-BF4B-00C04F79EFBC}") = "Project.FC2J.UI", "Project.FC2J.UI\Project.FC2J.UI.csproj", "{C7DEF477-A7F4-4625-A1A4-B6601AF021C8}"
EndProject
Project("{FAE04EC0-301F-11D3-BF4B-00C04F79EFBC}") = "Project.FC2J.Models", "Project.FC2J.Models\Project.FC2J.Models.csproj", "{3BE97517-EF27-4033-A284-4E60FD91D9E2}"
EndProject
Project("{9A19103F-16F7-4668-BE54-9A1E7A4F7556}") = "Project.FC2J.DataStore", "Project.FC2J.DataStore\Project.FC2J.DataStore.csproj", "{70F4BBF6-B84F-404E-A986-3CE4B62DFC8F}"
EndProject
Project("{9A19103F-16F7-4668-BE54-9A1E7A4F7556}") = "Project.FC2J.API", "Project.FC2J.API\Project.FC2J.API.csproj", "{497929E4-B7BA-4A67-8074-A129A33D4675}"
EndProject
Global
	GlobalSection(SolutionConfigurationPlatforms) = preSolution
		Debug|Any CPU = Debug|Any CPU
		Release|Any CPU = Release|Any CPU
	EndGlobalSection
	GlobalSection(ProjectConfigurationPlatforms) = postSolution
		{C7DEF477-A7F4-4625-A1A4-B6601AF021C8}.Debug|Any CPU.ActiveCfg = Debug|Any CPU
		{C7DEF477-A7F4-4625-A1A4-B6601AF021C8}.Debug|Any CPU.Build.0 = Debug|Any CPU
		{C7DEF477-A7F4-4625-A1A4-B6601AF021C8}.Debug|Any CPU.Deploy.0 = Debug|Any CPU
		{C7DEF477-A7F4-4625-A1A4-B6601AF021C8}.Release|Any CPU.ActiveCfg = Release|Any CPU
		{C7DEF477-A7F4-4625-A1A4-B6601AF021C8}.Release|Any CPU.Build.0 = Release|Any CPU
		{3BE97517-EF27-4033-A284-4E60FD91D9E2}.Debug|Any CPU.ActiveCfg = Debug|Any CPU
		{3BE97517-EF27-4033-A284-4E60FD91D9E2}.Debug|Any CPU.Build.0 = Debug|Any CPU
		{3BE97517-EF27-4033-A284-4E60FD91D9E2}.Release|Any CPU.ActiveCfg = Release|Any CPU
		{3BE97517-EF27-4033-A284-4E60FD91D9E2}.Release|Any CPU.Build.0 = Release|Any CPU
		{70F4BBF6-B84F-404E-A986-3CE4B62DFC8F}.Debug|Any CPU.ActiveCfg = Debug|Any CPU
		{70F4BBF6-B84F-404E-A986-3CE4B62DFC8F}.Debug|Any CPU.Build.0 = Debug|Any CPU
		{70F4BBF6-B84F-404E-A986-3CE4B62DFC8F}.Release|Any CPU.ActiveCfg = Release|Any CPU
		{70F4BBF6-B84F-404E-A986-3CE4B62DFC8F}.Release|Any CPU.Build.0 = Release|Any CPU
		{497929E4-B7BA-4A67-8074-A129A33D4675}.Debug|Any CPU.ActiveCfg = Debug|Any CPU
		{497929E4-B7BA-4A67-8074-A129A33D4675}.Debug|Any CPU.Build.0 = Debug|Any CPU
		{497929E4-B7BA-4A67-8074-A129A33D4675}.Release|Any CPU.ActiveCfg = Release|Any CPU
		{497929E4-B7BA-4A67-8074-A129A33D4675}.Release|Any CPU.Build.0 = Release|Any CPU
	EndGlobalSection
	GlobalSection(SolutionProperties) = preSolution
		HideSolutionNode = FALSE
	EndGlobalSection
	GlobalSection(ExtensibilityGlobals) = postSolution
		SolutionGuid = {1B7231CF-4A4C-40EB-9A53-42DB053366F4}
	EndGlobalSection
EndGlobal
